
Microsoft Visual Studio Solution File, Format Version 12.00
# Visual Studio 14
VisualStudioVersion = 14.0.25420.1
MinimumVisualStudioVersion = 10.0.40219.1
Project("{FAE04EC0-301F-11D3-BF4B-00C04F79EFBC}") = "XS.WCF.WCFHelper", "XS.WCF.WCFHelper\XS.WCF.WCFHelper.csproj", "{714AC850-AC10-4160-865B-851B0D612F32}"
EndProject
Project("{FAE04EC0-301F-11D3-BF4B-00C04F79EFBC}") = "XS.Demo.Wcf.Web", "XS.Demo.Wcf.Web\XS.Demo.Wcf.Web.csproj", "{A99EBB5B-BBCD-4719-9D16-CFC47F6F78C8}"
EndProject
Project("{FAE04EC0-301F-11D3-BF4B-00C04F79EFBC}") = "XS.Demo.Wcf.Server", "XS.Demo.Wcf.Server\XS.Demo.Wcf.Server.csproj", "{02CDAB16-F01A-4E70-A0F6-E08B9380E245}"
EndProject
Project("{FAE04EC0-301F-11D3-BF4B-00C04F79EFBC}") = "XS.Demo.Wcf.Model", "XS.Demo.Wcf.Model\XS.Demo.Wcf.Model.csproj", "{8B385AFB-5690-41D5-B275-DB254210989D}"
EndProject
Project("{FAE04EC0-301F-11D3-BF4B-00C04F79EFBC}") = "XS.Demo.Wcf.Interface", "XS.Demo.Wcf.Interface\XS.Demo.Wcf.Interface.csproj", "{DD150E2A-8EE0-4098-98DA-CA533DFC64A4}"
EndProject
Project("{FAE04EC0-301F-11D3-BF4B-00C04F79EFBC}") = "XS.Demo.Wcf.Imp", "XS.Demo.Wcf.Imp\XS.Demo.Wcf.Imp.csproj", "{2E1654CE-2001-46DC-A17D-86827A322B88}"
EndProject
Project("{FAE04EC0-301F-11D3-BF4B-00C04F79EFBC}") = "PerformanceTest", "PerformanceTest\PerformanceTest.csproj", "{14D427CD-564C-457A-8EEC-EE03C6AF6D22}"
EndProject
Project("{2150E333-8FDC-42A3-9474-1A3956D46DE8}") = "Demo", "Demo", "{4AF6FB88-E042-4D55-9A3A-E8AB40C3E1A3}"
EndProject
Project("{2150E333-8FDC-42A3-9474-1A3956D46DE8}") = ".Solution Items", ".Solution Items", "{DCC93C81-1A66-46AD-BDCA-253D18DA77C6}"
	ProjectSection(SolutionItems) = preProject
		README.txt = README.txt
	EndProjectSection
EndProject
Global
	GlobalSection(SolutionConfigurationPlatforms) = preSolution
		Debug|Any CPU = Debug|Any CPU
		Debug|x86 = Debug|x86
		Release|Any CPU = Release|Any CPU
		Release|x86 = Release|x86
	EndGlobalSection
	GlobalSection(ProjectConfigurationPlatforms) = postSolution
		{714AC850-AC10-4160-865B-851B0D612F32}.Debug|Any CPU.ActiveCfg = Debug|Any CPU
		{714AC850-AC10-4160-865B-851B0D612F32}.Debug|Any CPU.Build.0 = Debug|Any CPU
		{714AC850-AC10-4160-865B-851B0D612F32}.Debug|x86.ActiveCfg = Debug|Any CPU
		{714AC850-AC10-4160-865B-851B0D612F32}.Debug|x86.Build.0 = Debug|Any CPU
		{714AC850-AC10-4160-865B-851B0D612F32}.Release|Any CPU.ActiveCfg = Release|Any CPU
		{714AC850-AC10-4160-865B-851B0D612F32}.Release|Any CPU.Build.0 = Release|Any CPU
		{714AC850-AC10-4160-865B-851B0D612F32}.Release|x86.ActiveCfg = Release|Any CPU
		{714AC850-AC10-4160-865B-851B0D612F32}.Release|x86.Build.0 = Release|Any CPU
		{A99EBB5B-BBCD-4719-9D16-CFC47F6F78C8}.Debug|Any CPU.ActiveCfg = Debug|Any CPU
		{A99EBB5B-BBCD-4719-9D16-CFC47F6F78C8}.Debug|Any CPU.Build.0 = Debug|Any CPU
		{A99EBB5B-BBCD-4719-9D16-CFC47F6F78C8}.Debug|x86.ActiveCfg = Debug|Any CPU
		{A99EBB5B-BBCD-4719-9D16-CFC47F6F78C8}.Debug|x86.Build.0 = Debug|Any CPU
		{A99EBB5B-BBCD-4719-9D16-CFC47F6F78C8}.Release|Any CPU.ActiveCfg = Release|Any CPU
		{A99EBB5B-BBCD-4719-9D16-CFC47F6F78C8}.Release|Any CPU.Build.0 = Release|Any CPU
		{A99EBB5B-BBCD-4719-9D16-CFC47F6F78C8}.Release|x86.ActiveCfg = Release|Any CPU
		{A99EBB5B-BBCD-4719-9D16-CFC47F6F78C8}.Release|x86.Build.0 = Release|Any CPU
		{02CDAB16-F01A-4E70-A0F6-E08B9380E245}.Debug|Any CPU.ActiveCfg = Debug|Any CPU
		{02CDAB16-F01A-4E70-A0F6-E08B9380E245}.Debug|Any CPU.Build.0 = Debug|Any CPU
		{02CDAB16-F01A-4E70-A0F6-E08B9380E245}.Debug|x86.ActiveCfg = Debug|x86
		{02CDAB16-F01A-4E70-A0F6-E08B9380E245}.Debug|x86.Build.0 = Debug|x86
		{02CDAB16-F01A-4E70-A0F6-E08B9380E245}.Release|Any CPU.ActiveCfg = Release|Any CPU
		{02CDAB16-F01A-4E70-A0F6-E08B9380E245}.Release|Any CPU.Build.0 = Release|Any CPU
		{02CDAB16-F01A-4E70-A0F6-E08B9380E245}.Release|x86.ActiveCfg = Release|x86
		{02CDAB16-F01A-4E70-A0F6-E08B9380E245}.Release|x86.Build.0 = Release|x86
		{8B385AFB-5690-41D5-B275-DB254210989D}.Debug|Any CPU.ActiveCfg = Debug|Any CPU
		{8B385AFB-5690-41D5-B275-DB254210989D}.Debug|Any CPU.Build.0 = Debug|Any CPU
		{8B385AFB-5690-41D5-B275-DB254210989D}.Debug|x86.ActiveCfg = Debug|Any CPU
		{8B385AFB-5690-41D5-B275-DB254210989D}.Debug|x86.Build.0 = Debug|Any CPU
		{8B385AFB-5690-41D5-B275-DB254210989D}.Release|Any CPU.ActiveCfg = Release|Any CPU
		{8B385AFB-5690-41D5-B275-DB254210989D}.Release|Any CPU.Build.0 = Release|Any CPU
		{8B385AFB-5690-41D5-B275-DB254210989D}.Release|x86.ActiveCfg = Release|Any CPU
		{8B385AFB-5690-41D5-B275-DB254210989D}.Release|x86.Build.0 = Release|Any CPU
		{DD150E2A-8EE0-4098-98DA-CA533DFC64A4}.Debug|Any CPU.ActiveCfg = Debug|Any CPU
		{DD150E2A-8EE0-4098-98DA-CA533DFC64A4}.Debug|Any CPU.Build.0 = Debug|Any CPU
		{DD150E2A-8EE0-4098-98DA-CA533DFC64A4}.Debug|x86.ActiveCfg = Debug|Any CPU
		{DD150E2A-8EE0-4098-98DA-CA533DFC64A4}.Debug|x86.Build.0 = Debug|Any CPU
		{DD150E2A-8EE0-4098-98DA-CA533DFC64A4}.Release|Any CPU.ActiveCfg = Release|Any CPU
		{DD150E2A-8EE0-4098-98DA-CA533DFC64A4}.Release|Any CPU.Build.0 = Release|Any CPU
		{DD150E2A-8EE0-4098-98DA-CA533DFC64A4}.Release|x86.ActiveCfg = Release|Any CPU
		{DD150E2A-8EE0-4098-98DA-CA533DFC64A4}.Release|x86.Build.0 = Release|Any CPU
		{2E1654CE-2001-46DC-A17D-86827A322B88}.Debug|Any CPU.ActiveCfg = Debug|Any CPU
		{2E1654CE-2001-46DC-A17D-86827A322B88}.Debug|Any CPU.Build.0 = Debug|Any CPU
		{2E1654CE-2001-46DC-A17D-86827A322B88}.Debug|x86.ActiveCfg = Debug|Any CPU
		{2E1654CE-2001-46DC-A17D-86827A322B88}.Debug|x86.Build.0 = Debug|Any CPU
		{2E1654CE-2001-46DC-A17D-86827A322B88}.Release|Any CPU.ActiveCfg = Release|Any CPU
		{2E1654CE-2001-46DC-A17D-86827A322B88}.Release|Any CPU.Build.0 = Release|Any CPU
		{2E1654CE-2001-46DC-A17D-86827A322B88}.Release|x86.ActiveCfg = Release|Any CPU
		{2E1654CE-2001-46DC-A17D-86827A322B88}.Release|x86.Build.0 = Release|Any CPU
		{14D427CD-564C-457A-8EEC-EE03C6AF6D22}.Debug|Any CPU.ActiveCfg = Debug|Any CPU
		{14D427CD-564C-457A-8EEC-EE03C6AF6D22}.Debug|Any CPU.Build.0 = Debug|Any CPU
		{14D427CD-564C-457A-8EEC-EE03C6AF6D22}.Debug|x86.ActiveCfg = Debug|Any CPU
		{14D427CD-564C-457A-8EEC-EE03C6AF6D22}.Debug|x86.Build.0 = Debug|Any CPU
		{14D427CD-564C-457A-8EEC-EE03C6AF6D22}.Release|Any CPU.ActiveCfg = Release|Any CPU
		{14D427CD-564C-457A-8EEC-EE03C6AF6D22}.Release|Any CPU.Build.0 = Release|Any CPU
		{14D427CD-564C-457A-8EEC-EE03C6AF6D22}.Release|x86.ActiveCfg = Release|Any CPU
		{14D427CD-564C-457A-8EEC-EE03C6AF6D22}.Release|x86.Build.0 = Release|Any CPU
	EndGlobalSection
	GlobalSection(SolutionProperties) = preSolution
		HideSolutionNode = FALSE
	EndGlobalSection
	GlobalSection(NestedProjects) = preSolution
		{A99EBB5B-BBCD-4719-9D16-CFC47F6F78C8} = {4AF6FB88-E042-4D55-9A3A-E8AB40C3E1A3}
		{02CDAB16-F01A-4E70-A0F6-E08B9380E245} = {4AF6FB88-E042-4D55-9A3A-E8AB40C3E1A3}
		{8B385AFB-5690-41D5-B275-DB254210989D} = {4AF6FB88-E042-4D55-9A3A-E8AB40C3E1A3}
		{DD150E2A-8EE0-4098-98DA-CA533DFC64A4} = {4AF6FB88-E042-4D55-9A3A-E8AB40C3E1A3}
		{2E1654CE-2001-46DC-A17D-86827A322B88} = {4AF6FB88-E042-4D55-9A3A-E8AB40C3E1A3}
		{14D427CD-564C-457A-8EEC-EE03C6AF6D22} = {4AF6FB88-E042-4D55-9A3A-E8AB40C3E1A3}
	EndGlobalSection
EndGlobal
